
Microsoft Visual Studio Solution File, Format Version 12.00
# Visual Studio Version 17
VisualStudioVersion = 17.9.34728.123
MinimumVisualStudioVersion = 10.0.40219.1
Project("{FAE04EC0-301F-11D3-BF4B-00C04F79EFBC}") = "Proje", "Proje\Proje.csproj", "{D7447729-2BF5-4F80-89BD-500F25766600}"
EndProject
Global
	GlobalSection(SolutionConfigurationPlatforms) = preSolution
		Debug|Any CPU = Debug|Any CPU
		Release|Any CPU = Release|Any CPU
	EndGlobalSection
	GlobalSection(ProjectConfigurationPlatforms) = postSolution
		{D7447729-2BF5-4F80-89BD-500F25766600}.Debug|Any CPU.ActiveCfg = Debug|Any CPU
		{D7447729-2BF5-4F80-89BD-500F25766600}.Debug|Any CPU.Build.0 = Debug|Any CPU
		{D7447729-2BF5-4F80-89BD-500F25766600}.Release|Any CPU.ActiveCfg = Release|Any CPU
		{D7447729-2BF5-4F80-89BD-500F25766600}.Release|Any CPU.Build.0 = Release|Any CPU
	EndGlobalSection
	GlobalSection(SolutionProperties) = preSolution
		HideSolutionNode = FALSE
	EndGlobalSection
	GlobalSection(ExtensibilityGlobals) = postSolution
		SolutionGuid = {876C8281-6CE4-413D-ADD6-7BC7D616DA64}
	EndGlobalSection
EndGlobal
